// !$*UTF8*$!
{
	archiveVersion = 1;
	classes = {
	};
	objectVersion = 46;
	objects = {

/* Begin PBXBuildFile section */
		A81E290B1D0839C600997EF0 /* FinalizedFW.h in Headers */ = {isa = PBXBuildFile; fileRef = A81E290A1D0839C600997EF0 /* FinalizedFW.h */; settings = {ATTRIBUTES = (Public, ); }; };
		A81E29121D0839C600997EF0 /* FinalizedFW.framework in Frameworks */ = {isa = PBXBuildFile; fileRef = A81E29071D0839C600997EF0 /* FinalizedFW.framework */; };
		A81E29171D0839C600997EF0 /* FinalizedFWTests.m in Sources */ = {isa = PBXBuildFile; fileRef = A81E29161D0839C600997EF0 /* FinalizedFWTests.m */; };
		A81E29231D0839D800997EF0 /* Utility.h in Headers */ = {isa = PBXBuildFile; fileRef = A81E29211D0839D800997EF0 /* Utility.h */; settings = {ATTRIBUTES = (Public, ); }; };
		A81E29241D0839D800997EF0 /* Utility.m in Sources */ = {isa = PBXBuildFile; fileRef = A81E29221D0839D800997EF0 /* Utility.m */; };
		A81E29731D0953A200997EF0 /* FinalizedFW.podspec in Resources */ = {isa = PBXBuildFile; fileRef = A81E29721D0953A200997EF0 /* FinalizedFW.podspec */; };
/* End PBXBuildFile section */

/* Begin PBXContainerItemProxy section */
		A81E29131D0839C600997EF0 /* PBXContainerItemProxy */ = {
			isa = PBXContainerItemProxy;
			containerPortal = A81E28FE1D0839C600997EF0 /* Project object */;
			proxyType = 1;
			remoteGlobalIDString = A81E29061D0839C600997EF0;
			remoteInfo = FinalizedFW;
		};
/* End PBXContainerItemProxy section */

/* Begin PBXFileReference section */
		A81E29071D0839C600997EF0 /* FinalizedFW.framework */ = {isa = PBXFileReference; explicitFileType = wrapper.framework; includeInIndex = 0; path = FinalizedFW.framework; sourceTree = BUILT_PRODUCTS_DIR; };
		A81E290A1D0839C600997EF0 /* FinalizedFW.h */ = {isa = PBXFileReference; lastKnownFileType = sourcecode.c.h; path = FinalizedFW.h; sourceTree = "<group>"; };
		A81E290C1D0839C600997EF0 /* Info.plist */ = {isa = PBXFileReference; lastKnownFileType = text.plist.xml; path = Info.plist; sourceTree = "<group>"; };
		A81E29111D0839C600997EF0 /* FinalizedFWTests.xctest */ = {isa = PBXFileReference; explicitFileType = wrapper.cfbundle; includeInIndex = 0; path = FinalizedFWTests.xctest; sourceTree = BUILT_PRODUCTS_DIR; };
		A81E29161D0839C600997EF0 /* FinalizedFWTests.m */ = {isa = PBXFileReference; lastKnownFileType = sourcecode.c.objc; path = FinalizedFWTests.m; sourceTree = "<group>"; };
		A81E29181D0839C600997EF0 /* Info.plist */ = {isa = PBXFileReference; lastKnownFileType = text.plist.xml; path = Info.plist; sourceTree = "<group>"; };
		A81E29211D0839D800997EF0 /* Utility.h */ = {isa = PBXFileReference; fileEncoding = 4; lastKnownFileType = sourcecode.c.h; path = Utility.h; sourceTree = "<group>"; };
		A81E29221D0839D800997EF0 /* Utility.m */ = {isa = PBXFileReference; fileEncoding = 4; lastKnownFileType = sourcecode.c.objc; path = Utility.m; sourceTree = "<group>"; };
		A81E29721D0953A200997EF0 /* FinalizedFW.podspec */ = {isa = PBXFileReference; fileEncoding = 4; lastKnownFileType = text; path = FinalizedFW.podspec; sourceTree = "<group>"; };
/* End PBXFileReference section */

/* Begin PBXFrameworksBuildPhase section */
		A81E29031D0839C600997EF0 /* Frameworks */ = {
			isa = PBXFrameworksBuildPhase;
			buildActionMask = 2147483647;
			files = (
			);
			runOnlyForDeploymentPostprocessing = 0;
		};
		A81E290E1D0839C600997EF0 /* Frameworks */ = {
			isa = PBXFrameworksBuildPhase;
			buildActionMask = 2147483647;
			files = (
				A81E29121D0839C600997EF0 /* FinalizedFW.framework in Frameworks */,
			);
			runOnlyForDeploymentPostprocessing = 0;
		};
/* End PBXFrameworksBuildPhase section */

/* Begin PBXGroup section */
		A81E28FD1D0839C600997EF0 = {
			isa = PBXGroup;
			children = (
				A81E29721D0953A200997EF0 /* FinalizedFW.podspec */,
				A81E29091D0839C600997EF0 /* FinalizedFW */,
				A81E29151D0839C600997EF0 /* FinalizedFWTests */,
				A81E29081D0839C600997EF0 /* Products */,
			);
			sourceTree = "<group>";
		};
		A81E29081D0839C600997EF0 /* Products */ = {
			isa = PBXGroup;
			children = (
				A81E29071D0839C600997EF0 /* FinalizedFW.framework */,
				A81E29111D0839C600997EF0 /* FinalizedFWTests.xctest */,
			);
			name = Products;
			sourceTree = "<group>";
		};
		A81E29091D0839C600997EF0 /* FinalizedFW */ = {
			isa = PBXGroup;
			children = (
				A81E290A1D0839C600997EF0 /* FinalizedFW.h */,
				A81E290C1D0839C600997EF0 /* Info.plist */,
				A81E29211D0839D800997EF0 /* Utility.h */,
				A81E29221D0839D800997EF0 /* Utility.m */,
			);
			path = FinalizedFW;
			sourceTree = "<group>";
		};
		A81E29151D0839C600997EF0 /* FinalizedFWTests */ = {
			isa = PBXGroup;
			children = (
				A81E29161D0839C600997EF0 /* FinalizedFWTests.m */,
				A81E29181D0839C600997EF0 /* Info.plist */,
			);
			path = FinalizedFWTests;
			sourceTree = "<group>";
		};
/* End PBXGroup section */

/* Begin PBXHeadersBuildPhase section */
		A81E29041D0839C600997EF0 /* Headers */ = {
			isa = PBXHeadersBuildPhase;
			buildActionMask = 2147483647;
			files = (
				A81E290B1D0839C600997EF0 /* FinalizedFW.h in Headers */,
				A81E29231D0839D800997EF0 /* Utility.h in Headers */,
			);
			runOnlyForDeploymentPostprocessing = 0;
		};
/* End PBXHeadersBuildPhase section */

/* Begin PBXNativeTarget section */
		A81E29061D0839C600997EF0 /* FinalizedFW */ = {
			isa = PBXNativeTarget;
			buildConfigurationList = A81E291B1D0839C600997EF0 /* Build configuration list for PBXNativeTarget "FinalizedFW" */;
			buildPhases = (
				A81E29021D0839C600997EF0 /* Sources */,
				A81E29031D0839C600997EF0 /* Frameworks */,
				A81E29041D0839C600997EF0 /* Headers */,
				A81E29051D0839C600997EF0 /* Resources */,
			);
			buildRules = (
			);
			dependencies = (
			);
			name = FinalizedFW;
			productName = FinalizedFW;
			productReference = A81E29071D0839C600997EF0 /* FinalizedFW.framework */;
			productType = "com.apple.product-type.framework";
		};
		A81E29101D0839C600997EF0 /* FinalizedFWTests */ = {
			isa = PBXNativeTarget;
			buildConfigurationList = A81E291E1D0839C600997EF0 /* Build configuration list for PBXNativeTarget "FinalizedFWTests" */;
			buildPhases = (
				A81E290D1D0839C600997EF0 /* Sources */,
				A81E290E1D0839C600997EF0 /* Frameworks */,
				A81E290F1D0839C600997EF0 /* Resources */,
			);
			buildRules = (
			);
			dependencies = (
				A81E29141D0839C600997EF0 /* PBXTargetDependency */,
			);
			name = FinalizedFWTests;
			productName = FinalizedFWTests;
			productReference = A81E29111D0839C600997EF0 /* FinalizedFWTests.xctest */;
			productType = "com.apple.product-type.bundle.unit-test";
		};
/* End PBXNativeTarget section */

/* Begin PBXProject section */
		A81E28FE1D0839C600997EF0 /* Project object */ = {
			isa = PBXProject;
			attributes = {
				LastUpgradeCheck = 0730;
				ORGANIZATIONNAME = "VS-Saddam Husain-MacBookPro";
				TargetAttributes = {
					A81E29061D0839C600997EF0 = {
						CreatedOnToolsVersion = 7.3;
					};
					A81E29101D0839C600997EF0 = {
						CreatedOnToolsVersion = 7.3;
					};
				};
			};
			buildConfigurationList = A81E29011D0839C600997EF0 /* Build configuration list for PBXProject "FinalizedFW" */;
			compatibilityVersion = "Xcode 3.2";
			developmentRegion = English;
			hasScannedForEncodings = 0;
			knownRegions = (
				en,
			);
			mainGroup = A81E28FD1D0839C600997EF0;
			productRefGroup = A81E29081D0839C600997EF0 /* Products */;
			projectDirPath = "";
			projectRoot = "";
			targets = (
				A81E29061D0839C600997EF0 /* FinalizedFW */,
				A81E29101D0839C600997EF0 /* FinalizedFWTests */,
			);
		};
/* End PBXProject section */

/* Begin PBXResourcesBuildPhase section */
		A81E29051D0839C600997EF0 /* Resources */ = {
			isa = PBXResourcesBuildPhase;
			buildActionMask = 2147483647;
			files = (
				A81E29731D0953A200997EF0 /* FinalizedFW.podspec in Resources */,
			);
			runOnlyForDeploymentPostprocessing = 0;
		};
		A81E290F1D0839C600997EF0 /* Resources */ = {
			isa = PBXResourcesBuildPhase;
			buildActionMask = 2147483647;
			files = (
			);
			runOnlyForDeploymentPostprocessing = 0;
		};
/* End PBXResourcesBuildPhase section */

/* Begin PBXSourcesBuildPhase section */
		A81E29021D0839C600997EF0 /* Sources */ = {
			isa = PBXSourcesBuildPhase;
			buildActionMask = 2147483647;
			files = (
				A81E29241D0839D800997EF0 /* Utility.m in Sources */,
			);
			runOnlyForDeploymentPostprocessing = 0;
		};
		A81E290D1D0839C600997EF0 /* Sources */ = {
			isa = PBXSourcesBuildPhase;
			buildActionMask = 2147483647;
			files = (
				A81E29171D0839C600997EF0 /* FinalizedFWTests.m in Sources */,
			);
			runOnlyForDeploymentPostprocessing = 0;
		};
/* End PBXSourcesBuildPhase section */

/* Begin PBXTargetDependency section */
		A81E29141D0839C600997EF0 /* PBXTargetDependency */ = {
			isa = PBXTargetDependency;
			target = A81E29061D0839C600997EF0 /* FinalizedFW */;
			targetProxy = A81E29131D0839C600997EF0 /* PBXContainerItemProxy */;
		};
/* End PBXTargetDependency section */

/* Begin XCBuildConfiguration section */
		A81E29191D0839C600997EF0 /* Debug */ = {
			isa = XCBuildConfiguration;
			buildSettings = {
				ALWAYS_SEARCH_USER_PATHS = NO;
				CLANG_ANALYZER_NONNULL = YES;
				CLANG_CXX_LANGUAGE_STANDARD = "gnu++0x";
				CLANG_CXX_LIBRARY = "libc++";
				CLANG_ENABLE_MODULES = YES;
				CLANG_ENABLE_OBJC_ARC = YES;
				CLANG_WARN_BOOL_CONVERSION = YES;
				CLANG_WARN_CONSTANT_CONVERSION = YES;
				CLANG_WARN_DIRECT_OBJC_ISA_USAGE = YES_ERROR;
				CLANG_WARN_EMPTY_BODY = YES;
				CLANG_WARN_ENUM_CONVERSION = YES;
				CLANG_WARN_INT_CONVERSION = YES;
				CLANG_WARN_OBJC_ROOT_CLASS = YES_ERROR;
				CLANG_WARN_UNREACHABLE_CODE = YES;
				CLANG_WARN__DUPLICATE_METHOD_MATCH = YES;
				"CODE_SIGN_IDENTITY[sdk=iphoneos*]" = "iPhone Developer";
				COPY_PHASE_STRIP = NO;
				CURRENT_PROJECT_VERSION = 1;
				DEBUG_INFORMATION_FORMAT = dwarf;
				ENABLE_STRICT_OBJC_MSGSEND = YES;
				ENABLE_TESTABILITY = YES;
				GCC_C_LANGUAGE_STANDARD = gnu99;
				GCC_DYNAMIC_NO_PIC = NO;
				GCC_NO_COMMON_BLOCKS = YES;
				GCC_OPTIMIZATION_LEVEL = 0;
				GCC_PREPROCESSOR_DEFINITIONS = (
					"DEBUG=1",
					"$(inherited)",
				);
				GCC_WARN_64_TO_32_BIT_CONVERSION = YES;
				GCC_WARN_ABOUT_RETURN_TYPE = YES_ERROR;
				GCC_WARN_UNDECLARED_SELECTOR = YES;
				GCC_WARN_UNINITIALIZED_AUTOS = YES_AGGRESSIVE;
				GCC_WARN_UNUSED_FUNCTION = YES;
				GCC_WARN_UNUSED_VARIABLE = YES;
				IPHONEOS_DEPLOYMENT_TARGET = 9.3;
				MTL_ENABLE_DEBUG_INFO = YES;
				ONLY_ACTIVE_ARCH = NO;
				SDKROOT = iphoneos;
				TARGETED_DEVICE_FAMILY = "1,2";
				VERSIONING_SYSTEM = "apple-generic";
				VERSION_INFO_PREFIX = "";
			};
			name = Debug;
		};
		A81E291A1D0839C600997EF0 /* Release */ = {
			isa = XCBuildConfiguration;
			buildSettings = {
				ALWAYS_SEARCH_USER_PATHS = NO;
				CLANG_ANALYZER_NONNULL = YES;
				CLANG_CXX_LANGUAGE_STANDARD = "gnu++0x";
				CLANG_CXX_LIBRARY = "libc++";
				CLANG_ENABLE_MODULES = YES;
				CLANG_ENABLE_OBJC_ARC = YES;
				CLANG_WARN_BOOL_CONVERSION = YES;
				CLANG_WARN_CONSTANT_CONVERSION = YES;
				CLANG_WARN_DIRECT_OBJC_ISA_USAGE = YES_ERROR;
				CLANG_WARN_EMPTY_BODY = YES;
				CLANG_WARN_ENUM_CONVERSION = YES;
				CLANG_WARN_INT_CONVERSION = YES;
				CLANG_WARN_OBJC_ROOT_CLASS = YES_ERROR;
				CLANG_WARN_UNREACHABLE_CODE = YES;
				CLANG_WARN__DUPLICATE_METHOD_MATCH = YES;
				"CODE_SIGN_IDENTITY[sdk=iphoneos*]" = "iPhone Developer";
				COPY_PHASE_STRIP = NO;
				CURRENT_PROJECT_VERSION = 1;
				DEBUG_INFORMATION_FORMAT = "dwarf-with-dsym";
				ENABLE_NS_ASSERTIONS = NO;
				ENABLE_STRICT_OBJC_MSGSEND = YES;
				GCC_C_LANGUAGE_STANDARD = gnu99;
				GCC_NO_COMMON_BLOCKS = YES;
				GCC_WARN_64_TO_32_BIT_CONVERSION = YES;
				GCC_WARN_ABOUT_RETURN_TYPE = YES_ERROR;
				GCC_WARN_UNDECLARED_SELECTOR = YES;
				GCC_WARN_UNINITIALIZED_AUTOS = YES_AGGRESSIVE;
				GCC_WARN_UNUSED_FUNCTION = YES;
				GCC_WARN_UNUSED_VARIABLE = YES;
				IPHONEOS_DEPLOYMENT_TARGET = 9.3;
				MTL_ENABLE_DEBUG_INFO = NO;
				ONLY_ACTIVE_ARCH = NO;
				SDKROOT = iphoneos;
				TARGETED_DEVICE_FAMILY = "1,2";
				VALIDATE_PRODUCT = YES;
				VERSIONING_SYSTEM = "apple-generic";
				VERSION_INFO_PREFIX = "";
			};
			name = Release;
		};
		A81E291C1D0839C600997EF0 /* Debug */ = {
			isa = XCBuildConfiguration;
			buildSettings = {
				DEFINES_MODULE = YES;
				DYLIB_COMPATIBILITY_VERSION = 1;
				DYLIB_CURRENT_VERSION = 1;
				DYLIB_INSTALL_NAME_BASE = "@rpath";
				INFOPLIST_FILE = FinalizedFW/Info.plist;
				INSTALL_PATH = "$(LOCAL_LIBRARY_DIR)/Frameworks";
				LD_RUNPATH_SEARCH_PATHS = "$(inherited) @executable_path/Frameworks @loader_path/Frameworks";
				PRODUCT_BUNDLE_IDENTIFIER = vs.FinalizedFW;
				PRODUCT_NAME = "$(TARGET_NAME)";
				SKIP_INSTALL = YES;
			};
			name = Debug;
		};
		A81E291D1D0839C600997EF0 /* Release */ = {
			isa = XCBuildConfiguration;
			buildSettings = {
				DEFINES_MODULE = YES;
				DYLIB_COMPATIBILITY_VERSION = 1;
				DYLIB_CURRENT_VERSION = 1;
				DYLIB_INSTALL_NAME_BASE = "@rpath";
				INFOPLIST_FILE = FinalizedFW/Info.plist;
				INSTALL_PATH = "$(LOCAL_LIBRARY_DIR)/Frameworks";
				LD_RUNPATH_SEARCH_PATHS = "$(inherited) @executable_path/Frameworks @loader_path/Frameworks";
				PRODUCT_BUNDLE_IDENTIFIER = vs.FinalizedFW;
				PRODUCT_NAME = "$(TARGET_NAME)";
				SKIP_INSTALL = YES;
			};
			name = Release;
		};
		A81E291F1D0839C600997EF0 /* Debug */ = {
			isa = XCBuildConfiguration;
			buildSettings = {
				INFOPLIST_FILE = FinalizedFWTests/Info.plist;
				LD_RUNPATH_SEARCH_PATHS = "$(inherited) @executable_path/Frameworks @loader_path/Frameworks";
				PRODUCT_BUNDLE_IDENTIFIER = vs.FinalizedFWTests;
				PRODUCT_NAME = "$(TARGET_NAME)";
			};
			name = Debug;
		};
		A81E29201D0839C600997EF0 /* Release */ = {
			isa = XCBuildConfiguration;
			buildSettings = {
				INFOPLIST_FILE = FinalizedFWTests/Info.plist;
				LD_RUNPATH_SEARCH_PATHS = "$(inherited) @executable_path/Frameworks @loader_path/Frameworks";
				PRODUCT_BUNDLE_IDENTIFIER = vs.FinalizedFWTests;
				PRODUCT_NAME = "$(TARGET_NAME)";
			};
			name = Release;
		};
/* End XCBuildConfiguration section */

/* Begin XCConfigurationList section */
		A81E29011D0839C600997EF0 /* Build configuration list for PBXProject "FinalizedFW" */ = {
			isa = XCConfigurationList;
			buildConfigurations = (
				A81E29191D0839C600997EF0 /* Debug */,
				A81E291A1D0839C600997EF0 /* Release */,
			);
			defaultConfigurationIsVisible = 0;
			defaultConfigurationName = Release;
		};
		A81E291B1D0839C600997EF0 /* Build configuration list for PBXNativeTarget "FinalizedFW" */ = {
			isa = XCConfigurationList;
			buildConfigurations = (
				A81E291C1D0839C600997EF0 /* Debug */,
				A81E291D1D0839C600997EF0 /* Release */,
			);
			defaultConfigurationIsVisible = 0;
			defaultConfigurationName = Release;
		};
		A81E291E1D0839C600997EF0 /* Build configuration list for PBXNativeTarget "FinalizedFWTests" */ = {
			isa = XCConfigurationList;
			buildConfigurations = (
				A81E291F1D0839C600997EF0 /* Debug */,
				A81E29201D0839C600997EF0 /* Release */,
			);
			defaultConfigurationIsVisible = 0;
			defaultConfigurationName = Release;
		};
/* End XCConfigurationList section */
	};
	rootObject = A81E28FE1D0839C600997EF0 /* Project object */;
}
